
Microsoft Visual Studio Solution File, Format Version 12.00
# Visual Studio Version 16
VisualStudioVersion = 16.0.30011.22
MinimumVisualStudioVersion = 10.0.40219.1
Project("{FAE04EC0-301F-11D3-BF4B-00C04F79EFBC}") = "monthseason", "monthseason\monthseason.csproj", "{5526D5A5-E880-43F3-B950-52DF12227EF9}"
EndProject
Global
	GlobalSection(SolutionConfigurationPlatforms) = preSolution
		Debug|Any CPU = Debug|Any CPU
		Release|Any CPU = Release|Any CPU
	EndGlobalSection
	GlobalSection(ProjectConfigurationPlatforms) = postSolution
		{5526D5A5-E880-43F3-B950-52DF12227EF9}.Debug|Any CPU.ActiveCfg = Debug|Any CPU
		{5526D5A5-E880-43F3-B950-52DF12227EF9}.Debug|Any CPU.Build.0 = Debug|Any CPU
		{5526D5A5-E880-43F3-B950-52DF12227EF9}.Release|Any CPU.ActiveCfg = Release|Any CPU
		{5526D5A5-E880-43F3-B950-52DF12227EF9}.Release|Any CPU.Build.0 = Release|Any CPU
	EndGlobalSection
	GlobalSection(SolutionProperties) = preSolution
		HideSolutionNode = FALSE
	EndGlobalSection
	GlobalSection(ExtensibilityGlobals) = postSolution
		SolutionGuid = {96E67D01-C5B8-4C6A-8670-80F3ACFF94A3}
	EndGlobalSection
EndGlobal
